{
  "lockfileVersion": 1,
  "configVersion": 1,
  "workspaces": {
    "": {
      "dependencies": {
        "vue-sonner": "^2.0.9",
      },
    },
  },
  "packages": {
    "vue-sonner": ["vue-sonner@2.0.9", "", { "peerDependencies": { "@nuxt/kit": "^4.0.3", "@nuxt/schema": "^4.0.3", "nuxt": "^4.0.3" }, "optionalPeers": ["@nuxt/kit", "@nuxt/schema", "nuxt"] }, "sha512-i6BokNlNDL93fpzNxN/LZSn6D6MzlO+i3qXt6iVZne3x1k7R46d5HlFB4P8tYydhgqOrRbIZEsnRd3kG7qGXyw=="],
  }
}
